
Microsoft Visual Studio Solution File, Format Version 12.00
# Visual Studio Version 16
VisualStudioVersion = 16.0.31205.134
MinimumVisualStudioVersion = 10.0.40219.1
Project("{9A19103F-16F7-4668-BE54-9A1E7A4F7556}") = "LogProxyApi", "src\LogProxyApi\LogProxyApi.csproj", "{06443010-1A50-4424-BCDE-18DA412B1692}"
EndProject
Project("{FAE04EC0-301F-11D3-BF4B-00C04F79EFBC}") = "LogProxyApiTests", "tests\LogProxyApiTests\LogProxyApiTests.csproj", "{2D44971D-6DAB-4662-BED5-45F8550189B1}"
EndProject
Global
	GlobalSection(SolutionConfigurationPlatforms) = preSolution
		Debug|Any CPU = Debug|Any CPU
		Release|Any CPU = Release|Any CPU
	EndGlobalSection
	GlobalSection(ProjectConfigurationPlatforms) = postSolution
		{06443010-1A50-4424-BCDE-18DA412B1692}.Debug|Any CPU.ActiveCfg = Debug|Any CPU
		{06443010-1A50-4424-BCDE-18DA412B1692}.Debug|Any CPU.Build.0 = Debug|Any CPU
		{06443010-1A50-4424-BCDE-18DA412B1692}.Release|Any CPU.ActiveCfg = Release|Any CPU
		{06443010-1A50-4424-BCDE-18DA412B1692}.Release|Any CPU.Build.0 = Release|Any CPU
		{2D44971D-6DAB-4662-BED5-45F8550189B1}.Debug|Any CPU.ActiveCfg = Debug|Any CPU
		{2D44971D-6DAB-4662-BED5-45F8550189B1}.Debug|Any CPU.Build.0 = Debug|Any CPU
		{2D44971D-6DAB-4662-BED5-45F8550189B1}.Release|Any CPU.ActiveCfg = Release|Any CPU
		{2D44971D-6DAB-4662-BED5-45F8550189B1}.Release|Any CPU.Build.0 = Release|Any CPU
	EndGlobalSection
	GlobalSection(SolutionProperties) = preSolution
		HideSolutionNode = FALSE
	EndGlobalSection
	GlobalSection(ExtensibilityGlobals) = postSolution
		SolutionGuid = {96C20815-C203-4793-9B95-5CEEB40CB9F0}
	EndGlobalSection
EndGlobal
